
Microsoft Visual Studio Solution File, Format Version 12.00
# Visual Studio Version 18
VisualStudioVersion = 18.4.11605.240 stable
MinimumVisualStudioVersion = 10.0.40219.1
Project("{FAE04EC0-301F-11D3-BF4B-00C04F79EFBC}") = "SupportTicketApi", "SupportTicketApi.csproj", "{246AA811-6466-06EE-80F3-CE4767EFFDE2}"
EndProject
Global
	GlobalSection(SolutionConfigurationPlatforms) = preSolution
		Debug|Any CPU = Debug|Any CPU
		Release|Any CPU = Release|Any CPU
	EndGlobalSection
	GlobalSection(ProjectConfigurationPlatforms) = postSolution
		{246AA811-6466-06EE-80F3-CE4767EFFDE2}.Debug|Any CPU.ActiveCfg = Debug|Any CPU
		{246AA811-6466-06EE-80F3-CE4767EFFDE2}.Debug|Any CPU.Build.0 = Debug|Any CPU
		{246AA811-6466-06EE-80F3-CE4767EFFDE2}.Release|Any CPU.ActiveCfg = Release|Any CPU
		{246AA811-6466-06EE-80F3-CE4767EFFDE2}.Release|Any CPU.Build.0 = Release|Any CPU
	EndGlobalSection
	GlobalSection(SolutionProperties) = preSolution
		HideSolutionNode = FALSE
	EndGlobalSection
	GlobalSection(ExtensibilityGlobals) = postSolution
		SolutionGuid = {7D1C6AA3-B9D9-4E3C-A996-538C70A7EF5A}
	EndGlobalSection
EndGlobal
